lockVersion: 2.0.0
id: 28b51b65-1b67-42cf-b651-b7ebd1582cbe
management:
  docChecksum: 897e6dd2ebf9dd11654a95e9fc809f43
  docVersion: 0.1.0
  speakeasyVersion: 1.351.0
  generationVersion: 2.384.1
  releaseVersion: 0.1.2
  configChecksum: 223afbfe0750e42c395b4ec7fad68520
features:
  typescript:
    acceptHeaders: 2.81.2
    additionalDependencies: 0.1.0
    core: 3.11.11
    defaultEnabledRetries: 0.1.0
    downloadStreams: 0.1.1
    envVarSecurityUsage: 0.1.0
    globalSecurityCallbacks: 0.1.0
    globalServerURLs: 2.82.4
    nullables: 0.1.0
    responseFormat: 0.2.3
    retries: 2.83.0
    sdkHooks: 0.1.0
generatedFiles:
  - src/sdk/sdk.ts
  - .eslintrc.cjs
  - .npmignore
  - RUNTIMES.md
  - jsr.json
  - package.json
  - src/index.ts
  - src/lib/base64.ts
  - src/lib/config.ts
  - src/lib/dlv.ts
  - src/lib/encodings.ts
  - src/lib/http.ts
  - src/lib/is-plain-object.ts
  - src/lib/primitives.ts
  - src/lib/retries.ts
  - src/lib/schemas.ts
  - src/lib/sdks.ts
  - src/lib/security.ts
  - src/lib/url.ts
  - src/sdk/index.ts
  - src/models/errors/sdkerror.ts
  - src/models/errors/sdkvalidationerror.ts
  - src/types/blobs.ts
  - src/types/enums.ts
  - src/types/index.ts
  - src/types/operations.ts
  - src/types/rfcdate.ts
  - tsconfig.json
  - src/models/operations/listapps.ts
  - src/models/operations/createapp.ts
  - src/models/operations/updateapp.ts
  - src/models/operations/readapp.ts
  - src/models/operations/deleteapp.ts
  - src/models/operations/getappcurrentstateversion.ts
  - src/models/operations/readappvariables.ts
  - src/models/operations/createappvariable.ts
  - src/models/operations/deleteappvariable.ts
  - src/models/operations/readappversions.ts
  - src/models/operations/readappmanifest.ts
  - src/models/operations/deployappconfigurationjson.ts
  - src/models/operations/deployappconfigurationraw.ts
  - src/models/operations/readcurrentrun.ts
  - src/models/operations/readversion.ts
  - src/models/operations/readrun.ts
  - src/models/operations/readcurrentrunlogs.ts
  - src/models/operations/getcurrentappversion.ts
  - src/models/operations/downloadappversion.ts
  - src/models/components/listappsresponse.ts
  - src/models/components/app.ts
  - src/models/components/run.ts
  - src/models/components/configurationversion.ts
  - src/models/components/error.ts
  - src/models/components/appresponse.ts
  - src/models/components/createapprequest.ts
  - src/models/components/updateapprequest.ts
  - src/models/components/readvariablesresponse.ts
  - src/models/components/variable.ts
  - src/models/components/createvariableresponse.ts
  - src/models/components/createvariablerequest.ts
  - src/models/components/variabledata.ts
  - src/models/components/listversionsresponse.ts
  - src/models/components/runresponse.ts
  - src/models/components/application.ts
  - src/models/components/payments.ts
  - src/models/components/ledger.ts
  - src/models/components/appinfo.ts
  - src/models/components/appversionresponse.ts
  - src/models/components/readlogsresponse.ts
  - src/models/components/log.ts
  - src/models/errors/index.ts
  - src/models/operations/index.ts
  - src/models/components/index.ts
  - docs/models/operations/listappsrequest.md
  - docs/models/operations/listappsresponse.md
  - docs/models/operations/createappresponse.md
  - docs/models/operations/updateapprequest.md
  - docs/models/operations/readapprequest.md
  - docs/models/operations/readappresponse.md
  - docs/models/operations/deleteapprequest.md
  - docs/models/operations/getappcurrentstateversionrequest.md
  - docs/models/operations/getappcurrentstateversionresponse.md
  - docs/models/operations/readappvariablesrequest.md
  - docs/models/operations/readappvariablesresponse.md
  - docs/models/operations/createappvariablerequest.md
  - docs/models/operations/createappvariableresponse.md
  - docs/models/operations/deleteappvariablerequest.md
  - docs/models/operations/readappversionsrequest.md
  - docs/models/operations/readappversionsresponse.md
  - docs/models/operations/from.md
  - docs/models/operations/readappmanifestrequest.md
  - docs/models/operations/readappmanifestresponse.md
  - docs/models/operations/deployappconfigurationjsonrequest.md
  - docs/models/operations/deployappconfigurationjsonresponse.md
  - docs/models/operations/deployappconfigurationrawrequest.md
  - docs/models/operations/deployappconfigurationrawresponse.md
  - docs/models/operations/readcurrentrunrequest.md
  - docs/models/operations/readcurrentrunresponse.md
  - docs/models/operations/readversionrequest.md
  - docs/models/operations/readversionresponse.md
  - docs/models/operations/readrunrequest.md
  - docs/models/operations/readrunresponse.md
  - docs/models/operations/readcurrentrunlogsrequest.md
  - docs/models/operations/readcurrentrunlogsresponse.md
  - docs/models/operations/getcurrentappversionrequest.md
  - docs/models/operations/getcurrentappversionresponse.md
  - docs/models/operations/downloadappversionrequest.md
  - docs/models/operations/downloadappversionresponse.md
  - docs/models/components/data.md
  - docs/models/components/listappsresponse.md
  - docs/models/components/app.md
  - docs/models/components/run.md
  - docs/models/components/status.md
  - docs/models/components/configurationversion.md
  - docs/models/components/errort.md
  - docs/models/components/appresponse.md
  - docs/models/components/createapprequest.md
  - docs/models/components/updateapprequest.md
  - docs/models/components/readvariablesresponsedata.md
  - docs/models/components/readvariablesresponse.md
  - docs/models/components/category.md
  - docs/models/components/variable.md
  - docs/models/components/createvariableresponse.md
  - docs/models/components/createvariablerequest.md
  - docs/models/components/variabledatacategory.md
  - docs/models/components/variabledata.md
  - docs/models/components/listversionsresponsedata.md
  - docs/models/components/listversionsresponse.md
  - docs/models/components/runresponse.md
  - docs/models/components/application.md
  - docs/models/components/connectors.md
  - docs/models/components/payments.md
  - docs/models/components/schema.md
  - docs/models/components/ledger.md
  - docs/models/components/appinfo.md
  - docs/models/components/appversionresponse.md
  - docs/models/components/readlogsresponse.md
  - docs/models/components/diagnostic.md
  - docs/models/components/log.md
  - docs/lib/utils/retryconfig.md
  - docs/sdks/sdk/README.md
  - USAGE.md
  - .gitattributes
  - src/hooks/hooks.ts
  - src/hooks/types.ts
  - src/hooks/index.ts
  - CONTRIBUTING.md
